{
  "version": 4,
  "terraform_version": "1.3.4",
  "serial": 12,
  "lineage": "3da50965-4225-0af8-5c64-8b7736d31d2f",
  "outputs": {},
  "resources": [
    {
      "mode": "managed",
      "type": "azurerm_linux_virtual_machine",
      "name": "vm2",
      "provider": "provider[\"registry.terraform.io/hashicorp/azurerm\"]",
      "instances": [
        {
          "schema_version": 0,
          "attributes": {
            "additional_capabilities": [],
            "admin_password": null,
            "admin_ssh_key": [
              {
                "public_key": "ssh-rsa AAAAB3NzaC1yc2EAAAADAQABAAABgQCis2Ic9YHSgQ0UXlejyGks4XnynFwbGLsCewHzz77sjOTvT5zBFX8SveGu1dwbeRo3dEVWHOPSWndJ3F10gQd6l64Fat96BGMM8rLOhodWLxfp2PEcrt0pD2n8LBo9M2p8+KGsiZzWLh4e/UgIppRegPCcmr6LD3o5Ed4NT5WL7J1N4d8mXdXFw2I+a277Mx04ib55PytQYFLjLDZxc0uviKk/J/wEkS4LDr/u8IU4l3mv5V6dkoj5TF79etERzc8HsuA9RLBuBqMIO5L3hchfbe0THkXkMjpJr8XkIogL5WDLfNRhiIhu7s7gvIiv7lQqGvLjPBCV4egXo3WpcMND4yv8y7JkOsRfWnAqb5+6zYb0imfV3laGTZ/RoHeJ6EQbeswrYVpo17mrze8ZrwwWXHlZF4buMyGE7xEIoL7irvIsTMYSSJnRjTI7jQ9aOhHIvpdef0IkLX+5ahvEV6zFV5NeiDtxUhGT7f1VRQLU/2KR15DZShGvWFsVeV16Ju8= aleksa@aleksa-virtual-machine\n",
                "username": "veselitf2"
              }
            ],
            "admin_username": "veselitf2",
            "allow_extension_operations": true,
            "availability_set_id": "",
            "boot_diagnostics": [],
            "computer_name": "veselamasina-tf2",
            "custom_data": null,
            "dedicated_host_group_id": "",
            "dedicated_host_id": "",
            "disable_password_authentication": true,
            "edge_zone": "",
            "encryption_at_host_enabled": false,
            "eviction_policy": "",
            "extensions_time_budget": "PT1H30M",
            "id": "/subscriptions/891195e4-c78e-4b5d-86b4-88b6d1875195/resourceGroups/RES-GRP-CT360-TUTORING-GRP4/providers/Microsoft.Compute/virtualMachines/veselamasina-tf2",
            "identity": [],
            "license_type": "",
            "location": "westeurope",
            "max_bid_price": -1,
            "name": "veselamasina-tf2",
            "network_interface_ids": [
              "/subscriptions/891195e4-c78e-4b5d-86b4-88b6d1875195/resourceGroups/RES-GRP-CT360-TUTORING-GRP4/providers/Microsoft.Network/networkInterfaces/example-nic2"
            ],
            "os_disk": [
              {
                "caching": "ReadWrite",
                "diff_disk_settings": [],
                "disk_encryption_set_id": "",
                "disk_size_gb": 30,
                "name": "veselamasina-tf2_OsDisk_1_a163b0dd13074bacb3005557da78d3a1",
                "storage_account_type": "Standard_LRS",
                "write_accelerator_enabled": false
              }
            ],
            "patch_mode": "ImageDefault",
            "plan": [],
            "platform_fault_domain": -1,
            "priority": "Regular",
            "private_ip_address": "10.0.2.4",
            "private_ip_addresses": [
              "10.0.2.4"
            ],
            "provision_vm_agent": true,
            "proximity_placement_group_id": "",
            "public_ip_address": "40.91.239.8",
            "public_ip_addresses": [
              "40.91.239.8"
            ],
            "resource_group_name": "RES-GRP-CT360-TUTORING-GRP4",
            "secret": [],
            "secure_boot_enabled": false,
            "size": "Standard_F2",
            "source_image_id": "",
            "source_image_reference": [
              {
                "offer": "UbuntuServer",
                "publisher": "Canonical",
                "sku": "18.04-LTS",
                "version": "latest"
              }
            ],
            "tags": {},
            "termination_notification": [],
            "timeouts": null,
            "user_data": "",
            "virtual_machine_id": "c45bedf5-d077-4a37-b405-6604667a204c",
            "virtual_machine_scale_set_id": "",
            "vtpm_enabled": false,
            "zone": ""
          },
          "sensitive_attributes": [],
          "private": "eyJlMmJmYjczMC1lY2FhLTExZTYtOGY4OC0zNDM2M2JjN2M0YzAiOnsiY3JlYXRlIjoyNzAwMDAwMDAwMDAwLCJkZWxldGUiOjI3MDAwMDAwMDAwMDAsInJlYWQiOjMwMDAwMDAwMDAwMCwidXBkYXRlIjoyNzAwMDAwMDAwMDAwfX0=",
          "dependencies": [
            "azurerm_network_interface.nic2",
            "azurerm_public_ip.nzm2",
            "azurerm_subnet.veselisubnet2",
            "azurerm_virtual_network.veselinet2"
          ]
        }
      ]
    },
    {
      "mode": "managed",
      "type": "azurerm_network_interface",
      "name": "nic2",
      "provider": "provider[\"registry.terraform.io/hashicorp/azurerm\"]",
      "instances": [
        {
          "schema_version": 0,
          "attributes": {
            "applied_dns_servers": [],
            "dns_servers": [],
            "edge_zone": "",
            "enable_accelerated_networking": false,
            "enable_ip_forwarding": false,
            "id": "/subscriptions/891195e4-c78e-4b5d-86b4-88b6d1875195/resourceGroups/RES-GRP-CT360-TUTORING-GRP4/providers/Microsoft.Network/networkInterfaces/example-nic2",
            "internal_dns_name_label": "",
            "internal_domain_name_suffix": "ofd3fqinmciefay4w3os4bu3vg.ax.internal.cloudapp.net",
            "ip_configuration": [
              {
                "gateway_load_balancer_frontend_ip_configuration_id": "",
                "name": "internal",
                "primary": true,
                "private_ip_address": "10.0.2.4",
                "private_ip_address_allocation": "Dynamic",
                "private_ip_address_version": "IPv4",
                "public_ip_address_id": "/subscriptions/891195e4-c78e-4b5d-86b4-88b6d1875195/resourceGroups/RES-GRP-CT360-TUTORING-GRP4/providers/Microsoft.Network/publicIPAddresses/veseliip2",
                "subnet_id": "/subscriptions/891195e4-c78e-4b5d-86b4-88b6d1875195/resourceGroups/RES-GRP-CT360-TUTORING-GRP4/providers/Microsoft.Network/virtualNetworks/veseli2-network-tf/subnets/vmsubnet2"
              }
            ],
            "location": "westeurope",
            "mac_address": "00-0D-3A-AE-40-A8",
            "name": "example-nic2",
            "private_ip_address": "10.0.2.4",
            "private_ip_addresses": [
              "10.0.2.4"
            ],
            "resource_group_name": "RES-GRP-CT360-TUTORING-GRP4",
            "tags": {},
            "timeouts": null,
            "virtual_machine_id": "/subscriptions/891195e4-c78e-4b5d-86b4-88b6d1875195/resourceGroups/RES-GRP-CT360-TUTORING-GRP4/providers/Microsoft.Compute/virtualMachines/veselamasina-tf2"
          },
          "sensitive_attributes": [],
          "private": "eyJlMmJmYjczMC1lY2FhLTExZTYtOGY4OC0zNDM2M2JjN2M0YzAiOnsiY3JlYXRlIjoxODAwMDAwMDAwMDAwLCJkZWxldGUiOjE4MDAwMDAwMDAwMDAsInJlYWQiOjMwMDAwMDAwMDAwMCwidXBkYXRlIjoxODAwMDAwMDAwMDAwfX0=",
          "dependencies": [
            "azurerm_public_ip.nzm2",
            "azurerm_subnet.veselisubnet2",
            "azurerm_virtual_network.veselinet2"
          ]
        }
      ]
    },
    {
      "mode": "managed",
      "type": "azurerm_network_interface_security_group_association",
      "name": "nsg2",
      "provider": "provider[\"registry.terraform.io/hashicorp/azurerm\"]",
      "instances": [
        {
          "schema_version": 0,
          "attributes": {
            "id": "/subscriptions/891195e4-c78e-4b5d-86b4-88b6d1875195/resourceGroups/RES-GRP-CT360-TUTORING-GRP4/providers/Microsoft.Network/networkInterfaces/example-nic2|/subscriptions/891195e4-c78e-4b5d-86b4-88b6d1875195/resourceGroups/RES-GRP-CT360-TUTORING-GRP4/providers/Microsoft.Network/networkSecurityGroups/myNetworkSecurityGroup2",
            "network_interface_id": "/subscriptions/891195e4-c78e-4b5d-86b4-88b6d1875195/resourceGroups/RES-GRP-CT360-TUTORING-GRP4/providers/Microsoft.Network/networkInterfaces/example-nic2",
            "network_security_group_id": "/subscriptions/891195e4-c78e-4b5d-86b4-88b6d1875195/resourceGroups/RES-GRP-CT360-TUTORING-GRP4/providers/Microsoft.Network/networkSecurityGroups/myNetworkSecurityGroup2",
            "timeouts": null
          },
          "sensitive_attributes": [],
          "private": "eyJlMmJmYjczMC1lY2FhLTExZTYtOGY4OC0zNDM2M2JjN2M0YzAiOnsiY3JlYXRlIjoxODAwMDAwMDAwMDAwLCJkZWxldGUiOjE4MDAwMDAwMDAwMDAsInJlYWQiOjMwMDAwMDAwMDAwMCwidXBkYXRlIjoxODAwMDAwMDAwMDAwfX0=",
          "dependencies": [
            "azurerm_network_interface.nic2",
            "azurerm_network_security_group.my_terraform_nsg2",
            "azurerm_public_ip.nzm2",
            "azurerm_subnet.veselisubnet2",
            "azurerm_virtual_network.veselinet2"
          ]
        }
      ]
    },
    {
      "mode": "managed",
      "type": "azurerm_network_security_group",
      "name": "my_terraform_nsg2",
      "provider": "provider[\"registry.terraform.io/hashicorp/azurerm\"]",
      "instances": [
        {
          "schema_version": 0,
          "attributes": {
            "id": "/subscriptions/891195e4-c78e-4b5d-86b4-88b6d1875195/resourceGroups/RES-GRP-CT360-TUTORING-GRP4/providers/Microsoft.Network/networkSecurityGroups/myNetworkSecurityGroup2",
            "location": "westeurope",
            "name": "myNetworkSecurityGroup2",
            "resource_group_name": "RES-GRP-CT360-TUTORING-GRP4",
            "security_rule": [
              {
                "access": "Allow",
                "description": "",
                "destination_address_prefix": "*",
                "destination_address_prefixes": [],
                "destination_application_security_group_ids": [],
                "destination_port_range": "22",
                "destination_port_ranges": [],
                "direction": "Inbound",
                "name": "SSH",
                "priority": 1000,
                "protocol": "Tcp",
                "source_address_prefix": "*",
                "source_address_prefixes": [],
                "source_application_security_group_ids": [],
                "source_port_range": "*",
                "source_port_ranges": []
              },
              {
                "access": "Allow",
                "description": "",
                "destination_address_prefix": "*",
                "destination_address_prefixes": [],
                "destination_application_security_group_ids": [],
                "destination_port_range": "2377",
                "destination_port_ranges": [],
                "direction": "Inbound",
                "name": "TCP",
                "priority": 1310,
                "protocol": "Tcp",
                "source_address_prefix": "*",
                "source_address_prefixes": [],
                "source_application_security_group_ids": [],
                "source_port_range": "*",
                "source_port_ranges": []
              },
              {
                "access": "Allow",
                "description": "",
                "destination_address_prefix": "*",
                "destination_address_prefixes": [],
                "destination_application_security_group_ids": [],
                "destination_port_range": "4789",
                "destination_port_ranges": [],
                "direction": "Inbound",
                "name": "UDP",
                "priority": 1110,
                "protocol": "Tcp",
                "source_address_prefix": "*",
                "source_address_prefixes": [],
                "source_application_security_group_ids": [],
                "source_port_range": "*",
                "source_port_ranges": []
              },
              {
                "access": "Allow",
                "description": "",
                "destination_address_prefix": "*",
                "destination_address_prefixes": [],
                "destination_application_security_group_ids": [],
                "destination_port_range": "7946",
                "destination_port_ranges": [],
                "direction": "Inbound",
                "name": "TCP-UDP",
                "priority": 1210,
                "protocol": "Tcp",
                "source_address_prefix": "*",
                "source_address_prefixes": [],
                "source_application_security_group_ids": [],
                "source_port_range": "*",
                "source_port_ranges": []
              }
            ],
            "tags": {},
            "timeouts": null
          },
          "sensitive_attributes": [],
          "private": "eyJlMmJmYjczMC1lY2FhLTExZTYtOGY4OC0zNDM2M2JjN2M0YzAiOnsiY3JlYXRlIjoxODAwMDAwMDAwMDAwLCJkZWxldGUiOjE4MDAwMDAwMDAwMDAsInJlYWQiOjMwMDAwMDAwMDAwMCwidXBkYXRlIjoxODAwMDAwMDAwMDAwfX0="
        }
      ]
    },
    {
      "mode": "managed",
      "type": "azurerm_public_ip",
      "name": "nzm2",
      "provider": "provider[\"registry.terraform.io/hashicorp/azurerm\"]",
      "instances": [
        {
          "schema_version": 0,
          "attributes": {
            "allocation_method": "Dynamic",
            "domain_name_label": null,
            "edge_zone": "",
            "fqdn": null,
            "id": "/subscriptions/891195e4-c78e-4b5d-86b4-88b6d1875195/resourceGroups/RES-GRP-CT360-TUTORING-GRP4/providers/Microsoft.Network/publicIPAddresses/veseliip2",
            "idle_timeout_in_minutes": 4,
            "ip_address": "40.91.239.8",
            "ip_tags": {},
            "ip_version": "IPv4",
            "location": "westeurope",
            "name": "veseliip2",
            "public_ip_prefix_id": null,
            "resource_group_name": "RES-GRP-CT360-TUTORING-GRP4",
            "reverse_fqdn": null,
            "sku": "Basic",
            "sku_tier": "Regional",
            "tags": {},
            "timeouts": null,
            "zones": []
          },
          "sensitive_attributes": [],
          "private": "eyJlMmJmYjczMC1lY2FhLTExZTYtOGY4OC0zNDM2M2JjN2M0YzAiOnsiY3JlYXRlIjoxODAwMDAwMDAwMDAwLCJkZWxldGUiOjE4MDAwMDAwMDAwMDAsInJlYWQiOjMwMDAwMDAwMDAwMCwidXBkYXRlIjoxODAwMDAwMDAwMDAwfX0="
        }
      ]
    },
    {
      "mode": "managed",
      "type": "azurerm_subnet",
      "name": "veselisubnet2",
      "provider": "provider[\"registry.terraform.io/hashicorp/azurerm\"]",
      "instances": [
        {
          "schema_version": 0,
          "attributes": {
            "address_prefixes": [
              "10.0.2.0/24"
            ],
            "delegation": [],
            "enforce_private_link_endpoint_network_policies": false,
            "enforce_private_link_service_network_policies": false,
            "id": "/subscriptions/891195e4-c78e-4b5d-86b4-88b6d1875195/resourceGroups/RES-GRP-CT360-TUTORING-GRP4/providers/Microsoft.Network/virtualNetworks/veseli2-network-tf/subnets/vmsubnet2",
            "name": "vmsubnet2",
            "resource_group_name": "RES-GRP-CT360-TUTORING-GRP4",
            "service_endpoint_policy_ids": [],
            "service_endpoints": [],
            "timeouts": null,
            "virtual_network_name": "veseli2-network-tf"
          },
          "sensitive_attributes": [],
          "private": "eyJlMmJmYjczMC1lY2FhLTExZTYtOGY4OC0zNDM2M2JjN2M0YzAiOnsiY3JlYXRlIjoxODAwMDAwMDAwMDAwLCJkZWxldGUiOjE4MDAwMDAwMDAwMDAsInJlYWQiOjMwMDAwMDAwMDAwMCwidXBkYXRlIjoxODAwMDAwMDAwMDAwfX0=",
          "dependencies": [
            "azurerm_virtual_network.veselinet2"
          ]
        }
      ]
    },
    {
      "mode": "managed",
      "type": "azurerm_virtual_network",
      "name": "veselinet2",
      "provider": "provider[\"registry.terraform.io/hashicorp/azurerm\"]",
      "instances": [
        {
          "schema_version": 0,
          "attributes": {
            "address_space": [
              "10.0.0.0/16"
            ],
            "bgp_community": "",
            "ddos_protection_plan": [],
            "dns_servers": [],
            "edge_zone": "",
            "flow_timeout_in_minutes": 0,
            "guid": "c1d24771-600d-4290-831e-b75d2f069dae",
            "id": "/subscriptions/891195e4-c78e-4b5d-86b4-88b6d1875195/resourceGroups/RES-GRP-CT360-TUTORING-GRP4/providers/Microsoft.Network/virtualNetworks/veseli2-network-tf",
            "location": "westeurope",
            "name": "veseli2-network-tf",
            "resource_group_name": "RES-GRP-CT360-TUTORING-GRP4",
            "subnet": [
              {
                "address_prefix": "10.0.2.0/24",
                "id": "/subscriptions/891195e4-c78e-4b5d-86b4-88b6d1875195/resourceGroups/RES-GRP-CT360-TUTORING-GRP4/providers/Microsoft.Network/virtualNetworks/veseli2-network-tf/subnets/vmsubnet2",
                "name": "vmsubnet2",
                "security_group": ""
              }
            ],
            "tags": {},
            "timeouts": null
          },
          "sensitive_attributes": [],
          "private": "eyJlMmJmYjczMC1lY2FhLTExZTYtOGY4OC0zNDM2M2JjN2M0YzAiOnsiY3JlYXRlIjoxODAwMDAwMDAwMDAwLCJkZWxldGUiOjE4MDAwMDAwMDAwMDAsInJlYWQiOjMwMDAwMDAwMDAwMCwidXBkYXRlIjoxODAwMDAwMDAwMDAwfX0="
        }
      ]
    }
  ],
  "check_results": null
}
